
Microsoft Visual Studio Solution File, Format Version 12.00
# Visual Studio 15
VisualStudioVersion = 15.0.28307.329
MinimumVisualStudioVersion = 10.0.40219.1
Project("{F184B08F-C81C-45F6-A57F-5ABD9991F28F}") = "Coursework Project", "Coursework Project.vbproj", "{0768FBC5-7240-432C-8AA6-2CE3A0CA70FA}"
EndProject
Global
	GlobalSection(SolutionConfigurationPlatforms) = preSolution
		Debug|Any CPU = Debug|Any CPU
		Release|Any CPU = Release|Any CPU
	EndGlobalSection
	GlobalSection(ProjectConfigurationPlatforms) = postSolution
		{0768FBC5-7240-432C-8AA6-2CE3A0CA70FA}.Debug|Any CPU.ActiveCfg = Debug|Any CPU
		{0768FBC5-7240-432C-8AA6-2CE3A0CA70FA}.Debug|Any CPU.Build.0 = Debug|Any CPU
		{0768FBC5-7240-432C-8AA6-2CE3A0CA70FA}.Release|Any CPU.ActiveCfg = Release|Any CPU
		{0768FBC5-7240-432C-8AA6-2CE3A0CA70FA}.Release|Any CPU.Build.0 = Release|Any CPU
	EndGlobalSection
	GlobalSection(SolutionProperties) = preSolution
		HideSolutionNode = FALSE
	EndGlobalSection
	GlobalSection(ExtensibilityGlobals) = postSolution
		SolutionGuid = {2DE913FE-B62A-42F4-A2AE-7E85526D93C5}
	EndGlobalSection
EndGlobal
